PODS:
  - EFAutoScrollLabel (6.0.0.0)
  - SnapKit (5.7.1)

DEPENDENCIES:
  - EFAutoScrollLabel (from `../`)
  - SnapKit (= 5.7.1)

SPEC REPOS:
  trunk:
    - SnapKit

EXTERNAL SOURCES:
  EFAutoScrollLabel:
    :path: "../"

SPEC CHECKSUMS:
  EFAutoScrollLabel: 5a52c5c8d9901074dc33bd62d9d772c62230c404
  SnapKit: d612e99e678a2d3b95bf60b0705ed0a35c03484a

PODFILE CHECKSUM: c5b0edf6d2f1be74127d4bbbd840ec4b20898d98

COCOAPODS: 1.16.2
