PODS:
  - EFAutoScrollLabel (5.0.0)
  - SnapKit (4.2.0)

DEPENDENCIES:
  - EFAutoScrollLabel (from `../`)
  - SnapKit (from `https://github.com/alanzeino/SnapKit.git`, branch `xcode102`)

EXTERNAL SOURCES:
  EFAutoScrollLabel:
    :path: "../"
  SnapKit:
    :branch: xcode102
    :git: https://github.com/alanzeino/SnapKit.git

CHECKOUT OPTIONS:
  SnapKit:
    :commit: 122809d12f0a3ed8323d2e6b3ddc7ec107a6afc9
    :git: https://github.com/alanzeino/SnapKit.git

SPEC CHECKSUMS:
  EFAutoScrollLabel: 1b6a68a3ae3fd7c6a16c01ea258f14229f9693ed
  SnapKit: fe8a619752f3f27075cc9a90244d75c6c3f27e2a

PODFILE CHECKSUM: f2532ed2d730511cd44eccf86d1802eca4f28344

COCOAPODS: 1.6.1
